// !$*UTF8*$!
{
	archiveVersion = 1;
	classes = {
	};
	objectVersion = 50;
	objects = {

/* Begin PBXBuildFile section */
		9BF3044D26E61596003E4C68 /* AppDelegate.swift in Sources */ = {isa = PBXBuildFile; fileRef = 9BF3044C26E61596003E4C68 /* AppDelegate.swift */; };
		9BF3044F26E61596003E4C68 /* SceneDelegate.swift in Sources */ = {isa = PBXBuildFile; fileRef = 9BF3044E26E61596003E4C68 /* SceneDelegate.swift */; };
		9BF3045126E61596003E4C68 /* ViewController.swift in Sources */ = {isa = PBXBuildFile; fileRef = 9BF3045026E61596003E4C68 /* ViewController.swift */; };
		9BF3045426E61596003E4C68 /* Main.storyboard in Resources */ = {isa = PBXBuildFile; fileRef = 9BF3045226E61596003E4C68 /* Main.storyboard */; };
		9BF3045726E61596003E4C68 /* PathApp.xcdatamodeld in Sources */ = {isa = PBXBuildFile; fileRef = 9BF3045526E61596003E4C68 /* PathApp.xcdatamodeld */; };
		9BF3045926E61598003E4C68 /* Assets.xcassets in Resources */ = {isa = PBXBuildFile; fileRef = 9BF3045826E61598003E4C68 /* Assets.xcassets */; };
		9BF3045C26E61598003E4C68 /* LaunchScreen.storyboard in Resources */ = {isa = PBXBuildFile; fileRef = 9BF3045A26E61598003E4C68 /* LaunchScreen.storyboard */; };
		9BF3046726E61599003E4C68 /* PathAppTests.swift in Sources */ = {isa = PBXBuildFile; fileRef = 9BF3046626E61599003E4C68 /* PathAppTests.swift */; };
		9BF3047226E61599003E4C68 /* PathAppUITests.swift in Sources */ = {isa = PBXBuildFile; fileRef = 9BF3047126E61599003E4C68 /* PathAppUITests.swift */; };
/* End PBXBuildFile section */

/* Begin PBXContainerItemProxy section */
		9BF3046326E61599003E4C68 /* PBXContainerItemProxy */ = {
			isa = PBXContainerItemProxy;
			containerPortal = 9BF3044126E61596003E4C68 /* Project object */;
			proxyType = 1;
			remoteGlobalIDString = 9BF3044826E61596003E4C68;
			remoteInfo = PathApp;
		};
		9BF3046E26E61599003E4C68 /* PBXContainerItemProxy */ = {
			isa = PBXContainerItemProxy;
			containerPortal = 9BF3044126E61596003E4C68 /* Project object */;
			proxyType = 1;
			remoteGlobalIDString = 9BF3044826E61596003E4C68;
			remoteInfo = PathApp;
		};
/* End PBXContainerItemProxy section */

/* Begin PBXFileReference section */
		9BF3044926E61596003E4C68 /* PathApp.app */ = {isa = PBXFileReference; explicitFileType = wrapper.application; includeInIndex = 0; path = PathApp.app; sourceTree = BUILT_PRODUCTS_DIR; };
		9BF3044C26E61596003E4C68 /* AppDelegate.swift */ = {isa = PBXFileReference; lastKnownFileType = sourcecode.swift; path = AppDelegate.swift; sourceTree = "<group>"; };
		9BF3044E26E61596003E4C68 /* SceneDelegate.swift */ = {isa = PBXFileReference; lastKnownFileType = sourcecode.swift; path = SceneDelegate.swift; sourceTree = "<group>"; };
		9BF3045026E61596003E4C68 /* ViewController.swift */ = {isa = PBXFileReference; lastKnownFileType = sourcecode.swift; path = ViewController.swift; sourceTree = "<group>"; };
		9BF3045326E61596003E4C68 /* Base */ = {isa = PBXFileReference; lastKnownFileType = file.storyboard; name = Base; path = Base.lproj/Main.storyboard; sourceTree = "<group>"; };
		9BF3045626E61596003E4C68 /* PathApp.xcdatamodel */ = {isa = PBXFileReference; lastKnownFileType = wrapper.xcdatamodel; path = PathApp.xcdatamodel; sourceTree = "<group>"; };
		9BF3045826E61598003E4C68 /* Assets.xcassets */ = {isa = PBXFileReference; lastKnownFileType = folder.assetcatalog; path = Assets.xcassets; sourceTree = "<group>"; };
		9BF3045B26E61598003E4C68 /* Base */ = {isa = PBXFileReference; lastKnownFileType = file.storyboard; name = Base; path = Base.lproj/LaunchScreen.storyboard; sourceTree = "<group>"; };
		9BF3045D26E61598003E4C68 /* Info.plist */ = {isa = PBXFileReference; lastKnownFileType = text.plist.xml; path = Info.plist; sourceTree = "<group>"; };
		9BF3046226E61599003E4C68 /* PathAppTests.xctest */ = {isa = PBXFileReference; explicitFileType = wrapper.cfbundle; includeInIndex = 0; path = PathAppTests.xctest; sourceTree = BUILT_PRODUCTS_DIR; };
		9BF3046626E61599003E4C68 /* PathAppTests.swift */ = {isa = PBXFileReference; lastKnownFileType = sourcecode.swift; path = PathAppTests.swift; sourceTree = "<group>"; };
		9BF3046826E61599003E4C68 /* Info.plist */ = {isa = PBXFileReference; lastKnownFileType = text.plist.xml; path = Info.plist; sourceTree = "<group>"; };
		9BF3046D26E61599003E4C68 /* PathAppUITests.xctest */ = {isa = PBXFileReference; explicitFileType = wrapper.cfbundle; includeInIndex = 0; path = PathAppUITests.xctest; sourceTree = BUILT_PRODUCTS_DIR; };
		9BF3047126E61599003E4C68 /* PathAppUITests.swift */ = {isa = PBXFileReference; lastKnownFileType = sourcecode.swift; path = PathAppUITests.swift; sourceTree = "<group>"; };
		9BF3047326E61599003E4C68 /* Info.plist */ = {isa = PBXFileReference; lastKnownFileType = text.plist.xml; path = Info.plist; sourceTree = "<group>"; };
/* End PBXFileReference section */

/* Begin PBXFrameworksBuildPhase section */
		9BF3044626E61596003E4C68 /* Frameworks */ = {
			isa = PBXFrameworksBuildPhase;
			buildActionMask = 2147483647;
			files = (
			);
			runOnlyForDeploymentPostprocessing = 0;
		};
		9BF3045F26E61599003E4C68 /* Frameworks */ = {
			isa = PBXFrameworksBuildPhase;
			buildActionMask = 2147483647;
			files = (
			);
			runOnlyForDeploymentPostprocessing = 0;
		};
		9BF3046A26E61599003E4C68 /* Frameworks */ = {
			isa = PBXFrameworksBuildPhase;
			buildActionMask = 2147483647;
			files = (
			);
			runOnlyForDeploymentPostprocessing = 0;
		};
/* End PBXFrameworksBuildPhase section */

/* Begin PBXGroup section */
		9BF3044026E61596003E4C68 = {
			isa = PBXGroup;
			children = (
				9BF3044B26E61596003E4C68 /* PathApp */,
				9BF3046526E61599003E4C68 /* PathAppTests */,
				9BF3047026E61599003E4C68 /* PathAppUITests */,
				9BF3044A26E61596003E4C68 /* Products */,
			);
			sourceTree = "<group>";
		};
		9BF3044A26E61596003E4C68 /* Products */ = {
			isa = PBXGroup;
			children = (
				9BF3044926E61596003E4C68 /* PathApp.app */,
				9BF3046226E61599003E4C68 /* PathAppTests.xctest */,
				9BF3046D26E61599003E4C68 /* PathAppUITests.xctest */,
			);
			name = Products;
			sourceTree = "<group>";
		};
		9BF3044B26E61596003E4C68 /* PathApp */ = {
			isa = PBXGroup;
			children = (
				9BF3044C26E61596003E4C68 /* AppDelegate.swift */,
				9BF3044E26E61596003E4C68 /* SceneDelegate.swift */,
				9BF3045026E61596003E4C68 /* ViewController.swift */,
				9BF3045226E61596003E4C68 /* Main.storyboard */,
				9BF3045826E61598003E4C68 /* Assets.xcassets */,
				9BF3045A26E61598003E4C68 /* LaunchScreen.storyboard */,
				9BF3045D26E61598003E4C68 /* Info.plist */,
				9BF3045526E61596003E4C68 /* PathApp.xcdatamodeld */,
			);
			path = PathApp;
			sourceTree = "<group>";
		};
		9BF3046526E61599003E4C68 /* PathAppTests */ = {
			isa = PBXGroup;
			children = (
				9BF3046626E61599003E4C68 /* PathAppTests.swift */,
				9BF3046826E61599003E4C68 /* Info.plist */,
			);
			path = PathAppTests;
			sourceTree = "<group>";
		};
		9BF3047026E61599003E4C68 /* PathAppUITests */ = {
			isa = PBXGroup;
			children = (
				9BF3047126E61599003E4C68 /* PathAppUITests.swift */,
				9BF3047326E61599003E4C68 /* Info.plist */,
			);
			path = PathAppUITests;
			sourceTree = "<group>";
		};
/* End PBXGroup section */

/* Begin PBXNativeTarget section */
		9BF3044826E61596003E4C68 /* PathApp */ = {
			isa = PBXNativeTarget;
			buildConfigurationList = 9BF3047626E61599003E4C68 /* Build configuration list for PBXNativeTarget "PathApp" */;
			buildPhases = (
				9BF3044526E61596003E4C68 /* Sources */,
				9BF3044626E61596003E4C68 /* Frameworks */,
				9BF3044726E61596003E4C68 /* Resources */,
			);
			buildRules = (
			);
			dependencies = (
			);
			name = PathApp;
			productName = PathApp;
			productReference = 9BF3044926E61596003E4C68 /* PathApp.app */;
			productType = "com.apple.product-type.application";
		};
		9BF3046126E61599003E4C68 /* PathAppTests */ = {
			isa = PBXNativeTarget;
			buildConfigurationList = 9BF3047926E61599003E4C68 /* Build configuration list for PBXNativeTarget "PathAppTests" */;
			buildPhases = (
				9BF3045E26E61599003E4C68 /* Sources */,
				9BF3045F26E61599003E4C68 /* Frameworks */,
				9BF3046026E61599003E4C68 /* Resources */,
			);
			buildRules = (
			);
			dependencies = (
				9BF3046426E61599003E4C68 /* PBXTargetDependency */,
			);
			name = PathAppTests;
			productName = PathAppTests;
			productReference = 9BF3046226E61599003E4C68 /* PathAppTests.xctest */;
			productType = "com.apple.product-type.bundle.unit-test";
		};
		9BF3046C26E61599003E4C68 /* PathAppUITests */ = {
			isa = PBXNativeTarget;
			buildConfigurationList = 9BF3047C26E61599003E4C68 /* Build configuration list for PBXNativeTarget "PathAppUITests" */;
			buildPhases = (
				9BF3046926E61599003E4C68 /* Sources */,
				9BF3046A26E61599003E4C68 /* Frameworks */,
				9BF3046B26E61599003E4C68 /* Resources */,
			);
			buildRules = (
			);
			dependencies = (
				9BF3046F26E61599003E4C68 /* PBXTargetDependency */,
			);
			name = PathAppUITests;
			productName = PathAppUITests;
			productReference = 9BF3046D26E61599003E4C68 /* PathAppUITests.xctest */;
			productType = "com.apple.product-type.bundle.ui-testing";
		};
/* End PBXNativeTarget section */

/* Begin PBXProject section */
		9BF3044126E61596003E4C68 /* Project object */ = {
			isa = PBXProject;
			attributes = {
				LastSwiftUpdateCheck = 1250;
				LastUpgradeCheck = 1250;
				TargetAttributes = {
					9BF3044826E61596003E4C68 = {
						CreatedOnToolsVersion = 12.5.1;
					};
					9BF3046126E61599003E4C68 = {
						CreatedOnToolsVersion = 12.5.1;
						TestTargetID = 9BF3044826E61596003E4C68;
					};
					9BF3046C26E61599003E4C68 = {
						CreatedOnToolsVersion = 12.5.1;
						TestTargetID = 9BF3044826E61596003E4C68;
					};
				};
			};
			buildConfigurationList = 9BF3044426E61596003E4C68 /* Build configuration list for PBXProject "PathApp" */;
			compatibilityVersion = "Xcode 9.3";
			developmentRegion = en;
			hasScannedForEncodings = 0;
			knownRegions = (
				en,
				Base,
			);
			mainGroup = 9BF3044026E61596003E4C68;
			productRefGroup = 9BF3044A26E61596003E4C68 /* Products */;
			projectDirPath = "";
			projectRoot = "";
			targets = (
				9BF3044826E61596003E4C68 /* PathApp */,
				9BF3046126E61599003E4C68 /* PathAppTests */,
				9BF3046C26E61599003E4C68 /* PathAppUITests */,
			);
		};
/* End PBXProject section */

/* Begin PBXResourcesBuildPhase section */
		9BF3044726E61596003E4C68 /* Resources */ = {
			isa = PBXResourcesBuildPhase;
			buildActionMask = 2147483647;
			files = (
				9BF3045C26E61598003E4C68 /* LaunchScreen.storyboard in Resources */,
				9BF3045926E61598003E4C68 /* Assets.xcassets in Resources */,
				9BF3045426E61596003E4C68 /* Main.storyboard in Resources */,
			);
			runOnlyForDeploymentPostprocessing = 0;
		};
		9BF3046026E61599003E4C68 /* Resources */ = {
			isa = PBXResourcesBuildPhase;
			buildActionMask = 2147483647;
			files = (
			);
			runOnlyForDeploymentPostprocessing = 0;
		};
		9BF3046B26E61599003E4C68 /* Resources */ = {
			isa = PBXResourcesBuildPhase;
			buildActionMask = 2147483647;
			files = (
			);
			runOnlyForDeploymentPostprocessing = 0;
		};
/* End PBXResourcesBuildPhase section */

/* Begin PBXSourcesBuildPhase section */
		9BF3044526E61596003E4C68 /* Sources */ = {
			isa = PBXSourcesBuildPhase;
			buildActionMask = 2147483647;
			files = (
				9BF3045126E61596003E4C68 /* ViewController.swift in Sources */,
				9BF3044D26E61596003E4C68 /* AppDelegate.swift in Sources */,
				9BF3045726E61596003E4C68 /* PathApp.xcdatamodeld in Sources */,
				9BF3044F26E61596003E4C68 /* SceneDelegate.swift in Sources */,
			);
			runOnlyForDeploymentPostprocessing = 0;
		};
		9BF3045E26E61599003E4C68 /* Sources */ = {
			isa = PBXSourcesBuildPhase;
			buildActionMask = 2147483647;
			files = (
				9BF3046726E61599003E4C68 /* PathAppTests.swift in Sources */,
			);
			runOnlyForDeploymentPostprocessing = 0;
		};
		9BF3046926E61599003E4C68 /* Sources */ = {
			isa = PBXSourcesBuildPhase;
			buildActionMask = 2147483647;
			files = (
				9BF3047226E61599003E4C68 /* PathAppUITests.swift in Sources */,
			);
			runOnlyForDeploymentPostprocessing = 0;
		};
/* End PBXSourcesBuildPhase section */

/* Begin PBXTargetDependency section */
		9BF3046426E61599003E4C68 /* PBXTargetDependency */ = {
			isa = PBXTargetDependency;
			target = 9BF3044826E61596003E4C68 /* PathApp */;
			targetProxy = 9BF3046326E61599003E4C68 /* PBXContainerItemProxy */;
		};
		9BF3046F26E61599003E4C68 /* PBXTargetDependency */ = {
			isa = PBXTargetDependency;
			target = 9BF3044826E61596003E4C68 /* PathApp */;
			targetProxy = 9BF3046E26E61599003E4C68 /* PBXContainerItemProxy */;
		};
/* End PBXTargetDependency section */

/* Begin PBXVariantGroup section */
		9BF3045226E61596003E4C68 /* Main.storyboard */ = {
			isa = PBXVariantGroup;
			children = (
				9BF3045326E61596003E4C68 /* Base */,
			);
			name = Main.storyboard;
			sourceTree = "<group>";
		};
		9BF3045A26E61598003E4C68 /* LaunchScreen.storyboard */ = {
			isa = PBXVariantGroup;
			children = (
				9BF3045B26E61598003E4C68 /* Base */,
			);
			name = LaunchScreen.storyboard;
			sourceTree = "<group>";
		};
/* End PBXVariantGroup section */

/* Begin XCBuildConfiguration section */
		9BF3047426E61599003E4C68 /* Debug */ = {
			isa = XCBuildConfiguration;
			buildSettings = {
				ALWAYS_SEARCH_USER_PATHS = NO;
				CLANG_ANALYZER_NONNULL = YES;
				CLANG_ANALYZER_NUMBER_OBJECT_CONVERSION = YES_AGGRESSIVE;
				CLANG_CXX_LANGUAGE_STANDARD = "gnu++14";
				CLANG_CXX_LIBRARY = "libc++";
				CLANG_ENABLE_MODULES = YES;
				CLANG_ENABLE_OBJC_ARC = YES;
				CLANG_ENABLE_OBJC_WEAK = YES;
				CLANG_WARN_BLOCK_CAPTURE_AUTORELEASING = YES;
				CLANG_WARN_BOOL_CONVERSION = YES;
				CLANG_WARN_COMMA = YES;
				CLANG_WARN_CONSTANT_CONVERSION = YES;
				CLANG_WARN_DEPRECATED_OBJC_IMPLEMENTATIONS = YES;
				CLANG_WARN_DIRECT_OBJC_ISA_USAGE = YES_ERROR;
				CLANG_WARN_DOCUMENTATION_COMMENTS = YES;
				CLANG_WARN_EMPTY_BODY = YES;
				CLANG_WARN_ENUM_CONVERSION = YES;
				CLANG_WARN_INFINITE_RECURSION = YES;
				CLANG_WARN_INT_CONVERSION = YES;
				CLANG_WARN_NON_LITERAL_NULL_CONVERSION = YES;
				CLANG_WARN_OBJC_IMPLICIT_RETAIN_SELF = YES;
				CLANG_WARN_OBJC_LITERAL_CONVERSION = YES;
				CLANG_WARN_OBJC_ROOT_CLASS = YES_ERROR;
				CLANG_WARN_QUOTED_INCLUDE_IN_FRAMEWORK_HEADER = YES;
				CLANG_WARN_RANGE_LOOP_ANALYSIS = YES;
				CLANG_WARN_STRICT_PROTOTYPES = YES;
				CLANG_WARN_SUSPICIOUS_MOVE = YES;
				CLANG_WARN_UNGUARDED_AVAILABILITY = YES_AGGRESSIVE;
				CLANG_WARN_UNREACHABLE_CODE = YES;
				CLANG_WARN__DUPLICATE_METHOD_MATCH = YES;
				COPY_PHASE_STRIP = NO;
				DEBUG_INFORMATION_FORMAT = dwarf;
				ENABLE_STRICT_OBJC_MSGSEND = YES;
				ENABLE_TESTABILITY = YES;
				GCC_C_LANGUAGE_STANDARD = gnu11;
				GCC_DYNAMIC_NO_PIC = NO;
				GCC_NO_COMMON_BLOCKS = YES;
				GCC_OPTIMIZATION_LEVEL = 0;
				GCC_PREPROCESSOR_DEFINITIONS = (
					"DEBUG=1",
					"$(inherited)",
				);
				GCC_WARN_64_TO_32_BIT_CONVERSION = YES;
				GCC_WARN_ABOUT_RETURN_TYPE = YES_ERROR;
				GCC_WARN_UNDECLARED_SELECTOR = YES;
				GCC_WARN_UNINITIALIZED_AUTOS = YES_AGGRESSIVE;
				GCC_WARN_UNUSED_FUNCTION = YES;
				GCC_WARN_UNUSED_VARIABLE = YES;
				IPHONEOS_DEPLOYMENT_TARGET = 14.5;
				MTL_ENABLE_DEBUG_INFO = INCLUDE_SOURCE;
				MTL_FAST_MATH = YES;
				ONLY_ACTIVE_ARCH = YES;
				SDKROOT = iphoneos;
				SWIFT_ACTIVE_COMPILATION_CONDITIONS = DEBUG;
				SWIFT_OPTIMIZATION_LEVEL = "-Onone";
			};
			name = Debug;
		};
		9BF3047526E61599003E4C68 /* Release */ = {
			isa = XCBuildConfiguration;
			buildSettings = {
				ALWAYS_SEARCH_USER_PATHS = NO;
				CLANG_ANALYZER_NONNULL = YES;
				CLANG_ANALYZER_NUMBER_OBJECT_CONVERSION = YES_AGGRESSIVE;
				CLANG_CXX_LANGUAGE_STANDARD = "gnu++14";
				CLANG_CXX_LIBRARY = "libc++";
				CLANG_ENABLE_MODULES = YES;
				CLANG_ENABLE_OBJC_ARC = YES;
				CLANG_ENABLE_OBJC_WEAK = YES;
				CLANG_WARN_BLOCK_CAPTURE_AUTORELEASING = YES;
				CLANG_WARN_BOOL_CONVERSION = YES;
				CLANG_WARN_COMMA = YES;
				CLANG_WARN_CONSTANT_CONVERSION = YES;
				CLANG_WARN_DEPRECATED_OBJC_IMPLEMENTATIONS = YES;
				CLANG_WARN_DIRECT_OBJC_ISA_USAGE = YES_ERROR;
				CLANG_WARN_DOCUMENTATION_COMMENTS = YES;
				CLANG_WARN_EMPTY_BODY = YES;
				CLANG_WARN_ENUM_CONVERSION = YES;
				CLANG_WARN_INFINITE_RECURSION = YES;
				CLANG_WARN_INT_CONVERSION = YES;
				CLANG_WARN_NON_LITERAL_NULL_CONVERSION = YES;
				CLANG_WARN_OBJC_IMPLICIT_RETAIN_SELF = YES;
				CLANG_WARN_OBJC_LITERAL_CONVERSION = YES;
				CLANG_WARN_OBJC_ROOT_CLASS = YES_ERROR;
				CLANG_WARN_QUOTED_INCLUDE_IN_FRAMEWORK_HEADER = YES;
				CLANG_WARN_RANGE_LOOP_ANALYSIS = YES;
				CLANG_WARN_STRICT_PROTOTYPES = YES;
				CLANG_WARN_SUSPICIOUS_MOVE = YES;
				CLANG_WARN_UNGUARDED_AVAILABILITY = YES_AGGRESSIVE;
				CLANG_WARN_UNREACHABLE_CODE = YES;
				CLANG_WARN__DUPLICATE_METHOD_MATCH = YES;
				COPY_PHASE_STRIP = NO;
				DEBUG_INFORMATION_FORMAT = "dwarf-with-dsym";
				ENABLE_NS_ASSERTIONS = NO;
				ENABLE_STRICT_OBJC_MSGSEND = YES;
				GCC_C_LANGUAGE_STANDARD = gnu11;
				GCC_NO_COMMON_BLOCKS = YES;
				GCC_WARN_64_TO_32_BIT_CONVERSION = YES;
				GCC_WARN_ABOUT_RETURN_TYPE = YES_ERROR;
				GCC_WARN_UNDECLARED_SELECTOR = YES;
				GCC_WARN_UNINITIALIZED_AUTOS = YES_AGGRESSIVE;
				GCC_WARN_UNUSED_FUNCTION = YES;
				GCC_WARN_UNUSED_VARIABLE = YES;
				IPHONEOS_DEPLOYMENT_TARGET = 14.5;
				MTL_ENABLE_DEBUG_INFO = NO;
				MTL_FAST_MATH = YES;
				SDKROOT = iphoneos;
				SWIFT_COMPILATION_MODE = wholemodule;
				SWIFT_OPTIMIZATION_LEVEL = "-O";
				VALIDATE_PRODUCT = YES;
			};
			name = Release;
		};
		9BF3047726E61599003E4C68 /* Debug */ = {
			isa = XCBuildConfiguration;
			buildSettings = {
				ASSETCATALOG_COMPILER_APPICON_NAME = AppIcon;
				ASSETCATALOG_COMPILER_GLOBAL_ACCENT_COLOR_NAME = AccentColor;
				CODE_SIGN_STYLE = Automatic;
				INFOPLIST_FILE = PathApp/Info.plist;
				LD_RUNPATH_SEARCH_PATHS = (
					"$(inherited)",
					"@executable_path/Frameworks",
				);
				PRODUCT_BUNDLE_IDENTIFIER = com.path.PathApp;
				PRODUCT_NAME = "$(TARGET_NAME)";
				SWIFT_VERSION = 5.0;
				TARGETED_DEVICE_FAMILY = "1,2";
			};
			name = Debug;
		};
		9BF3047826E61599003E4C68 /* Release */ = {
			isa = XCBuildConfiguration;
			buildSettings = {
				ASSETCATALOG_COMPILER_APPICON_NAME = AppIcon;
				ASSETCATALOG_COMPILER_GLOBAL_ACCENT_COLOR_NAME = AccentColor;
				CODE_SIGN_STYLE = Automatic;
				INFOPLIST_FILE = PathApp/Info.plist;
				LD_RUNPATH_SEARCH_PATHS = (
					"$(inherited)",
					"@executable_path/Frameworks",
				);
				PRODUCT_BUNDLE_IDENTIFIER = com.path.PathApp;
				PRODUCT_NAME = "$(TARGET_NAME)";
				SWIFT_VERSION = 5.0;
				TARGETED_DEVICE_FAMILY = "1,2";
			};
			name = Release;
		};
		9BF3047A26E61599003E4C68 /* Debug */ = {
			isa = XCBuildConfiguration;
			buildSettings = {
				ALWAYS_EMBED_SWIFT_STANDARD_LIBRARIES = YES;
				BUNDLE_LOADER = "$(TEST_HOST)";
				CODE_SIGN_STYLE = Automatic;
				INFOPLIST_FILE = PathAppTests/Info.plist;
				IPHONEOS_DEPLOYMENT_TARGET = 14.5;
				LD_RUNPATH_SEARCH_PATHS = (
					"$(inherited)",
					"@executable_path/Frameworks",
					"@loader_path/Frameworks",
				);
				PRODUCT_BUNDLE_IDENTIFIER = com.path.PathAppTests;
				PRODUCT_NAME = "$(TARGET_NAME)";
				SWIFT_VERSION = 5.0;
				TARGETED_DEVICE_FAMILY = "1,2";
				TEST_HOST = "$(BUILT_PRODUCTS_DIR)/PathApp.app/PathApp";
			};
			name = Debug;
		};
		9BF3047B26E61599003E4C68 /* Release */ = {
			isa = XCBuildConfiguration;
			buildSettings = {
				ALWAYS_EMBED_SWIFT_STANDARD_LIBRARIES = YES;
				BUNDLE_LOADER = "$(TEST_HOST)";
				CODE_SIGN_STYLE = Automatic;
				INFOPLIST_FILE = PathAppTests/Info.plist;
				IPHONEOS_DEPLOYMENT_TARGET = 14.5;
				LD_RUNPATH_SEARCH_PATHS = (
					"$(inherited)",
					"@executable_path/Frameworks",
					"@loader_path/Frameworks",
				);
				PRODUCT_BUNDLE_IDENTIFIER = com.path.PathAppTests;
				PRODUCT_NAME = "$(TARGET_NAME)";
				SWIFT_VERSION = 5.0;
				TARGETED_DEVICE_FAMILY = "1,2";
				TEST_HOST = "$(BUILT_PRODUCTS_DIR)/PathApp.app/PathApp";
			};
			name = Release;
		};
		9BF3047D26E61599003E4C68 /* Debug */ = {
			isa = XCBuildConfiguration;
			buildSettings = {
				ALWAYS_EMBED_SWIFT_STANDARD_LIBRARIES = YES;
				CODE_SIGN_STYLE = Automatic;
				INFOPLIST_FILE = PathAppUITests/Info.plist;
				LD_RUNPATH_SEARCH_PATHS = (
					"$(inherited)",
					"@executable_path/Frameworks",
					"@loader_path/Frameworks",
				);
				PRODUCT_BUNDLE_IDENTIFIER = com.path.PathAppUITests;
				PRODUCT_NAME = "$(TARGET_NAME)";
				SWIFT_VERSION = 5.0;
				TARGETED_DEVICE_FAMILY = "1,2";
				TEST_TARGET_NAME = PathApp;
			};
			name = Debug;
		};
		9BF3047E26E61599003E4C68 /* Release */ = {
			isa = XCBuildConfiguration;
			buildSettings = {
				ALWAYS_EMBED_SWIFT_STANDARD_LIBRARIES = YES;
				CODE_SIGN_STYLE = Automatic;
				INFOPLIST_FILE = PathAppUITests/Info.plist;
				LD_RUNPATH_SEARCH_PATHS = (
					"$(inherited)",
					"@executable_path/Frameworks",
					"@loader_path/Frameworks",
				);
				PRODUCT_BUNDLE_IDENTIFIER = com.path.PathAppUITests;
				PRODUCT_NAME = "$(TARGET_NAME)";
				SWIFT_VERSION = 5.0;
				TARGETED_DEVICE_FAMILY = "1,2";
				TEST_TARGET_NAME = PathApp;
			};
			name = Release;
		};
/* End XCBuildConfiguration section */

/* Begin XCConfigurationList section */
		9BF3044426E61596003E4C68 /* Build configuration list for PBXProject "PathApp" */ = {
			isa = XCConfigurationList;
			buildConfigurations = (
				9BF3047426E61599003E4C68 /* Debug */,
				9BF3047526E61599003E4C68 /* Release */,
			);
			defaultConfigurationIsVisible = 0;
			defaultConfigurationName = Release;
		};
		9BF3047626E61599003E4C68 /* Build configuration list for PBXNativeTarget "PathApp" */ = {
			isa = XCConfigurationList;
			buildConfigurations = (
				9BF3047726E61599003E4C68 /* Debug */,
				9BF3047826E61599003E4C68 /* Release */,
			);
			defaultConfigurationIsVisible = 0;
			defaultConfigurationName = Release;
		};
		9BF3047926E61599003E4C68 /* Build configuration list for PBXNativeTarget "PathAppTests" */ = {
			isa = XCConfigurationList;
			buildConfigurations = (
				9BF3047A26E61599003E4C68 /* Debug */,
				9BF3047B26E61599003E4C68 /* Release */,
			);
			defaultConfigurationIsVisible = 0;
			defaultConfigurationName = Release;
		};
		9BF3047C26E61599003E4C68 /* Build configuration list for PBXNativeTarget "PathAppUITests" */ = {
			isa = XCConfigurationList;
			buildConfigurations = (
				9BF3047D26E61599003E4C68 /* Debug */,
				9BF3047E26E61599003E4C68 /* Release */,
			);
			defaultConfigurationIsVisible = 0;
			defaultConfigurationName = Release;
		};
/* End XCConfigurationList section */

/* Begin XCVersionGroup section */
		9BF3045526E61596003E4C68 /* PathApp.xcdatamodeld */ = {
			isa = XCVersionGroup;
			children = (
				9BF3045626E61596003E4C68 /* PathApp.xcdatamodel */,
			);
			currentVersion = 9BF3045626E61596003E4C68 /* PathApp.xcdatamodel */;
			path = PathApp.xcdatamodeld;
			sourceTree = "<group>";
			versionGroupType = wrapper.xcdatamodel;
		};
/* End XCVersionGroup section */
	};
	rootObject = 9BF3044126E61596003E4C68 /* Project object */;
}
